
Microsoft Visual Studio Solution File, Format Version 12.00
# Visual Studio Version 17
VisualStudioVersion = 17.11.35327.3
MinimumVisualStudioVersion = 10.0.40219.1
Project("{FAE04EC0-301F-11D3-BF4B-00C04F79EFBC}") = "PdfEditer", "PdfEditer\PdfEditer.csproj", "{AAB050B4-ED5C-4A90-8B23-CD546B8240F9}"
EndProject
Global
	GlobalSection(SolutionConfigurationPlatforms) = preSolution
		Debug|Any CPU = Debug|Any CPU
		Release|Any CPU = Release|Any CPU
	EndGlobalSection
	GlobalSection(ProjectConfigurationPlatforms) = postSolution
		{AAB050B4-ED5C-4A90-8B23-CD546B8240F9}.Debug|Any CPU.ActiveCfg = Debug|Any CPU
		{AAB050B4-ED5C-4A90-8B23-CD546B8240F9}.Debug|Any CPU.Build.0 = Debug|Any CPU
		{AAB050B4-ED5C-4A90-8B23-CD546B8240F9}.Release|Any CPU.ActiveCfg = Release|Any CPU
		{AAB050B4-ED5C-4A90-8B23-CD546B8240F9}.Release|Any CPU.Build.0 = Release|Any CPU
	EndGlobalSection
	GlobalSection(SolutionProperties) = preSolution
		HideSolutionNode = FALSE
	EndGlobalSection
	GlobalSection(ExtensibilityGlobals) = postSolution
		SolutionGuid = {5FCD93F1-BB92-4DF3-B2EC-D10A44F63CF2}
	EndGlobalSection
EndGlobal
